
Microsoft Visual Studio Solution File, Format Version 12.00
# Visual Studio Version 16
VisualStudioVersion = 16.0.29001.49
MinimumVisualStudioVersion = 10.0.40219.1
Project("{9A19103F-16F7-4668-BE54-9A1E7A4F7556}") = "BingeBuddyNg.Api", "BingeBuddyNg.Api\BingeBuddyNg.Api.csproj", "{D7F2E6F5-93BE-4344-8A2C-CC07B4660194}"
EndProject
Project("{9A19103F-16F7-4668-BE54-9A1E7A4F7556}") = "BingeBuddyNg.Services", "BingeBuddyNg.Services\BingeBuddyNg.Services.csproj", "{8BBCEFA1-A101-4A04-9FB4-DE94CE7FD628}"
EndProject
Project("{9A19103F-16F7-4668-BE54-9A1E7A4F7556}") = "BingeBuddyNg.Functions", "BingeBuddyNg.Functions\BingeBuddyNg.Functions.csproj", "{A05C5311-33F3-47C1-B251-5358BE6E7D63}"
EndProject
Project("{9A19103F-16F7-4668-BE54-9A1E7A4F7556}") = "BingeBuddyNg.Shared", "BingeBuddyNg.Shared\BingeBuddyNg.Shared.csproj", "{D5B45C7E-9913-4B0D-9C24-30D87DB140F3}"
EndProject
Global
	GlobalSection(SolutionConfigurationPlatforms) = preSolution
		Debug|Any CPU = Debug|Any CPU
		Release|Any CPU = Release|Any CPU
	EndGlobalSection
	GlobalSection(ProjectConfigurationPlatforms) = postSolution
		{D7F2E6F5-93BE-4344-8A2C-CC07B4660194}.Debug|Any CPU.ActiveCfg = Debug|Any CPU
		{D7F2E6F5-93BE-4344-8A2C-CC07B4660194}.Debug|Any CPU.Build.0 = Debug|Any CPU
		{D7F2E6F5-93BE-4344-8A2C-CC07B4660194}.Release|Any CPU.ActiveCfg = Release|Any CPU
		{D7F2E6F5-93BE-4344-8A2C-CC07B4660194}.Release|Any CPU.Build.0 = Release|Any CPU
		{8BBCEFA1-A101-4A04-9FB4-DE94CE7FD628}.Debug|Any CPU.ActiveCfg = Debug|Any CPU
		{8BBCEFA1-A101-4A04-9FB4-DE94CE7FD628}.Debug|Any CPU.Build.0 = Debug|Any CPU
		{8BBCEFA1-A101-4A04-9FB4-DE94CE7FD628}.Release|Any CPU.ActiveCfg = Release|Any CPU
		{8BBCEFA1-A101-4A04-9FB4-DE94CE7FD628}.Release|Any CPU.Build.0 = Release|Any CPU
		{A05C5311-33F3-47C1-B251-5358BE6E7D63}.Debug|Any CPU.ActiveCfg = Debug|Any CPU
		{A05C5311-33F3-47C1-B251-5358BE6E7D63}.Debug|Any CPU.Build.0 = Debug|Any CPU
		{A05C5311-33F3-47C1-B251-5358BE6E7D63}.Release|Any CPU.ActiveCfg = Release|Any CPU
		{A05C5311-33F3-47C1-B251-5358BE6E7D63}.Release|Any CPU.Build.0 = Release|Any CPU
		{D5B45C7E-9913-4B0D-9C24-30D87DB140F3}.Debug|Any CPU.ActiveCfg = Debug|Any CPU
		{D5B45C7E-9913-4B0D-9C24-30D87DB140F3}.Debug|Any CPU.Build.0 = Debug|Any CPU
		{D5B45C7E-9913-4B0D-9C24-30D87DB140F3}.Release|Any CPU.ActiveCfg = Release|Any CPU
		{D5B45C7E-9913-4B0D-9C24-30D87DB140F3}.Release|Any CPU.Build.0 = Release|Any CPU
	EndGlobalSection
	GlobalSection(SolutionProperties) = preSolution
		HideSolutionNode = FALSE
	EndGlobalSection
	GlobalSection(ExtensibilityGlobals) = postSolution
		SolutionGuid = {6475DC23-54CC-4F8C-8684-958569CF73DC}
	EndGlobalSection
EndGlobal
